PODS:
  - 1PasswordExtension (1.8.5)
  - ActionClosurable (1.2.0)
  - Alamofire (4.7.3)
  - Compass (6.0.0)
  - Eureka (4.3.0)
  - Fuzi (2.1.0)
  - GRDB.swift (3.5.0)
  - HydraAsync (1.2.1)
  - KeychainAccess (3.1.1)
  - Notifwift (1.0.0)
  - ObjcExceptionBridging (1.0.1):
    - ObjcExceptionBridging/ObjcExceptionBridging (= 1.0.1)
  - ObjcExceptionBridging/ObjcExceptionBridging (1.0.1)
  - PINCache (3.0.1-beta.6):
    - PINCache/Arc-exception-safe (= 3.0.1-beta.6)
    - PINCache/Core (= 3.0.1-beta.6)
  - PINCache/Arc-exception-safe (3.0.1-beta.6):
    - PINCache/Core
  - PINCache/Core (3.0.1-beta.6):
    - PINOperation (~> 1.1.0)
  - PINOperation (1.1.1)
  - PINRemoteImage/Core (3.0.0-beta.13):
    - PINOperation
  - PINRemoteImage/iOS (3.0.0-beta.13):
    - PINRemoteImage/Core
  - PINRemoteImage/PINCache (3.0.0-beta.13):
    - PINCache (= 3.0.1-beta.6)
    - PINRemoteImage/Core
  - R.swift (4.0.0):
    - R.swift.Library (~> 4.0.0)
  - R.swift.Library (4.0.0)
  - ReachabilitySwift (3)
  - SDWebImage (4.4.2):
    - SDWebImage/Core (= 4.4.2)
  - SDWebImage/Core (4.4.2)
  - SnapKit (4.2.0)
  - Starscream (3.0.5)
  - SVProgressHUD (2.2.5)
  - SwiftLint (0.27.0)
  - SwiftyJSON (4.1.0)
  - Texture (2.7):
    - Texture/PINRemoteImage (= 2.7)
  - Texture/Core (2.7)
  - Texture/PINRemoteImage (2.7):
    - PINRemoteImage/iOS (= 3.0.0-beta.13)
    - PINRemoteImage/PINCache
    - Texture/Core
  - XCGLogger (6.0.4):
    - XCGLogger/Core (= 6.0.4)
  - XCGLogger/Core (6.0.4):
    - ObjcExceptionBridging
  - "※ikemen (0.5.0)"

DEPENDENCIES:
  - 1PasswordExtension (~> 1.8.5)
  - ActionClosurable (from `https://github.com/rinsuki/ActionClosurable.git`, branch `fix/swift4.2`)
  - Alamofire (~> 4.5)
  - Compass
  - Eureka (~> 4.3.0)
  - Fuzi (~> 2.1.0)
  - GRDB.swift (~> 3.5.0)
  - HydraAsync
  - KeychainAccess
  - Notifwift
  - R.swift (~> 4.0.0)
  - ReachabilitySwift (~> 3)
  - SDWebImage (~> 4.0)
  - SnapKit
  - Starscream
  - SVProgressHUD
  - SwiftLint
  - SwiftyJSON
  - Texture
  - XCGLogger (~> 6.0.2)
  - "※ikemen"

SPEC REPOS:
  https://github.com/cocoapods/specs.git:
    - 1PasswordExtension
    - Alamofire
    - Compass
    - Eureka
    - Fuzi
    - GRDB.swift
    - HydraAsync
    - KeychainAccess
    - Notifwift
    - ObjcExceptionBridging
    - PINCache
    - PINOperation
    - PINRemoteImage
    - R.swift
    - R.swift.Library
    - ReachabilitySwift
    - SDWebImage
    - SnapKit
    - Starscream
    - SVProgressHUD
    - SwiftLint
    - SwiftyJSON
    - Texture
    - XCGLogger
    - "※ikemen"

EXTERNAL SOURCES:
  ActionClosurable:
    :branch: fix/swift4.2
    :git: https://github.com/rinsuki/ActionClosurable.git

CHECKOUT OPTIONS:
  ActionClosurable:
    :commit: 7ff27004679e9a47b90c9edacee22b267783e1b2
    :git: https://github.com/rinsuki/ActionClosurable.git

SPEC CHECKSUMS:
  1PasswordExtension: 0e95bdea64ec8ff2f4f693be5467a09fac42a83d
  ActionClosurable: ff826688551b031c6bd936cb4928ebf63571893a
  Alamofire: c7287b6e5d7da964a70935e5db17046b7fde6568
  Compass: ff30e2056c549ea5cb5b8a307d28ef628e4209ff
  Eureka: 6d711cb30ca333b4bc893110285a722ae3840114
  Fuzi: 8c57344debff6d3a0c76a9e0f549152defdaaa48
  GRDB.swift: 225cf9c1354753e92e20c2a1fa2912b924c9da6e
  HydraAsync: 8f2ab62d57e140b4ca587ae0f66e1eb04e8e6965
  KeychainAccess: 7bd430028059754a3debab3cfc0bd1fc7fb85df3
  Notifwift: 1c5d63660ac2cad79870b2eb759d6c8a3e600343
  ObjcExceptionBridging: c30e00eb3700467e695faeea30e26e18bd445001
  PINCache: d195fdba255283f7e9900a55e3cced377f431f9b
  PINOperation: a6219e6fc9db9c269eb7a7b871ac193bcf400aac
  PINRemoteImage: d6d51c5d2adda55f1ce30c96e850b6c4ebd2856a
  R.swift: d6a5ec2f55a8441dc0ed9f1f8b37d7d11ae85c66
  R.swift.Library: c3af34921024333546e23b70e70d0b4e0cffca75
  ReachabilitySwift: f5b9bb30a0777fac8f09ce8b067e32faeb29bb64
  SDWebImage: 624d6e296c69b244bcede364c72ae0430ac14681
  SnapKit: fe8a619752f3f27075cc9a90244d75c6c3f27e2a
  Starscream: faf918b2f2eff7d5dd21180646bf015a669673bd
  SVProgressHUD: 1428aafac632c1f86f62aa4243ec12008d7a51d6
  SwiftLint: 3207c1faa2240bf8973b191820a116113cd11073
  SwiftyJSON: c29297daf073d2aa016295d5809cdd68045c39b3
  Texture: 9d7e38965cf22ccd7cd9c249dd78b3f14e70ab6c
  XCGLogger: 4fc1bc0bdd5828cb8dc8da7a843536cda1bea8f3
  "※ikemen": 0cf85af52790db21a846ad31abca356e99da1ffb

PODFILE CHECKSUM: 72789532763290d7592a936dd195551c428e8cd8

COCOAPODS: 1.5.3
