lockfileVersion: '9.0'

settings:
  autoInstallPeers: true
  excludeLinksFromLockfile: false

importers:

  .:
    dependencies:
      '@hono/node-server':
        specifier: ^1.19.12
        version: 1.19.12(hono@4.12.9)
      '@hono/node-ws':
        specifier: ^1.3.0
        version: 1.3.0(@hono/node-server@1.19.12(hono@4.12.9))(hono@4.12.9)
      hono:
        specifier: ^4.12.9
        version: 4.12.9
    devDependencies:
      '@types/node':
        specifier: ^25.5.0
        version: 25.5.0
      typescript:
        specifier: ^6.0.2
        version: 6.0.2

packages:

  '@hono/node-server@1.19.12':
    resolution: {integrity: sha512-txsUW4SQ1iilgE0l9/e9VQWmELXifEFvmdA1j6WFh/aFPj99hIntrSsq/if0UWyGVkmrRPKA1wCeP+UCr1B9Uw==}
    engines: {node: '>=18.14.1'}
    peerDependencies:
      hono: ^4

  '@hono/node-ws@1.3.0':
    resolution: {integrity: sha512-ju25YbbvLuXdqBCmLZLqnNYu1nbHIQjoyUqA8ApZOeL1k4skuiTcw5SW77/5SUYo2Xi2NVBJoVlfQurnKEp03Q==}
    engines: {node: '>=18.14.1'}
    peerDependencies:
      '@hono/node-server': ^1.19.2
      hono: ^4.6.0

  '@types/node@25.5.0':
    resolution: {integrity: sha512-jp2P3tQMSxWugkCUKLRPVUpGaL5MVFwF8RDuSRztfwgN1wmqJeMSbKlnEtQqU8UrhTmzEmZdu2I6v2dpp7XIxw==}

  hono@4.12.9:
    resolution: {integrity: sha512-wy3T8Zm2bsEvxKZM5w21VdHDDcwVS1yUFFY6i8UobSsKfFceT7TOwhbhfKsDyx7tYQlmRM5FLpIuYvNFyjctiA==}
    engines: {node: '>=16.9.0'}

  typescript@6.0.2:
    resolution: {integrity: sha512-bGdAIrZ0wiGDo5l8c++HWtbaNCWTS4UTv7RaTH/ThVIgjkveJt83m74bBHMJkuCbslY8ixgLBVZJIOiQlQTjfQ==}
    engines: {node: '>=14.17'}
    hasBin: true

  undici-types@7.18.2:
    resolution: {integrity: sha512-AsuCzffGHJybSaRrmr5eHr81mwJU3kjw6M+uprWvCXiNeN9SOGwQ3Jn8jb8m3Z6izVgknn1R0FTCEAP2QrLY/w==}

  ws@8.20.0:
    resolution: {integrity: sha512-sAt8BhgNbzCtgGbt2OxmpuryO63ZoDk/sqaB/znQm94T4fCEsy/yV+7CdC1kJhOU9lboAEU7R3kquuycDoibVA==}
    engines: {node: '>=10.0.0'}
    peerDependencies:
      bufferutil: ^4.0.1
      utf-8-validate: '>=5.0.2'
    peerDependenciesMeta:
      bufferutil:
        optional: true
      utf-8-validate:
        optional: true

snapshots:

  '@hono/node-server@1.19.12(hono@4.12.9)':
    dependencies:
      hono: 4.12.9

  '@hono/node-ws@1.3.0(@hono/node-server@1.19.12(hono@4.12.9))(hono@4.12.9)':
    dependencies:
      '@hono/node-server': 1.19.12(hono@4.12.9)
      hono: 4.12.9
      ws: 8.20.0
    transitivePeerDependencies:
      - bufferutil
      - utf-8-validate

  '@types/node@25.5.0':
    dependencies:
      undici-types: 7.18.2

  hono@4.12.9: {}

  typescript@6.0.2: {}

  undici-types@7.18.2: {}

  ws@8.20.0: {}
